// !$*UTF8*$!
{
	archiveVersion = 1;
	classes = {
	};
	objectVersion = 56;
	objects = {

/* Begin PBXBuildFile section */
		D15E39002D34065000A79944 /* Chatting.swift in Sources */ = {isa = PBXBuildFile; fileRef = D15E38FF2D34065000A79944 /* Chatting.swift */; };
		D15E39022D3406BA00A79944 /* UnreadDMsResponse.swift in Sources */ = {isa = PBXBuildFile; fileRef = D15E39012D3406BA00A79944 /* UnreadDMsResponse.swift */; };
		D15E39052D340B2000A79944 /* Date+Extension.swift in Sources */ = {isa = PBXBuildFile; fileRef = D15E39042D340B2000A79944 /* Date+Extension.swift */; };
		D15E39072D340D4D00A79944 /* BadgeModifier.swift in Sources */ = {isa = PBXBuildFile; fileRef = D15E39062D340D4D00A79944 /* BadgeModifier.swift */; };
		D15E39092D341D0F00A79944 /* DMResponse.swift in Sources */ = {isa = PBXBuildFile; fileRef = D15E39082D341D0F00A79944 /* DMResponse.swift */; };
		D15E390C2D34AB4200A79944 /* DMChattingView.swift in Sources */ = {isa = PBXBuildFile; fileRef = D15E390B2D34AB4200A79944 /* DMChattingView.swift */; };
		D15E390E2D34AB4800A79944 /* DMChatting.swift in Sources */ = {isa = PBXBuildFile; fileRef = D15E390D2D34AB4800A79944 /* DMChatting.swift */; };
		D15E39102D34B8FB00A79944 /* View+Extension.swift in Sources */ = {isa = PBXBuildFile; fileRef = D15E390F2D34B8FB00A79944 /* View+Extension.swift */; };
		D15E39122D34BC7F00A79944 /* ChattingImageView.swift in Sources */ = {isa = PBXBuildFile; fileRef = D15E39112D34BC7F00A79944 /* ChattingImageView.swift */; };
		D15E39142D34BD2200A79944 /* CustomImageView.swift in Sources */ = {isa = PBXBuildFile; fileRef = D15E39132D34BD2200A79944 /* CustomImageView.swift */; };
		D15E39162D34BF9100A79944 /* ImageDetailView.swift in Sources */ = {isa = PBXBuildFile; fileRef = D15E39152D34BF9100A79944 /* ImageDetailView.swift */; };
		D15E39182D34C14500A79944 /* CustomPhotoPicker.swift in Sources */ = {isa = PBXBuildFile; fileRef = D15E39172D34C14500A79944 /* CustomPhotoPicker.swift */; };
		D15E391A2D34C80A00A79944 /* CustomToolbar.swift in Sources */ = {isa = PBXBuildFile; fileRef = D15E39192D34C80A00A79944 /* CustomToolbar.swift */; };
		D15E391C2D34FBAB00A79944 /* DMRequest.swift in Sources */ = {isa = PBXBuildFile; fileRef = D15E391B2D34FBAB00A79944 /* DMRequest.swift */; };
		D15E391F2D35278F00A79944 /* SocketIO in Frameworks */ = {isa = PBXBuildFile; productRef = D15E391E2D35278F00A79944 /* SocketIO */; };
		D15E39222D35296400A79944 /* SocketIOManager.swift in Sources */ = {isa = PBXBuildFile; fileRef = D15E39212D35296400A79944 /* SocketIOManager.swift */; };
		D15E39252D357BC400A79944 /* ProfileView.swift in Sources */ = {isa = PBXBuildFile; fileRef = D15E39242D357BC400A79944 /* ProfileView.swift */; };
		D15E39272D357BEB00A79944 /* Profile.swift in Sources */ = {isa = PBXBuildFile; fileRef = D15E39262D357BEB00A79944 /* Profile.swift */; };
		D15E392A2D3587F400A79944 /* EditMyProfileImageRequest.swift in Sources */ = {isa = PBXBuildFile; fileRef = D15E39292D3587F400A79944 /* EditMyProfileImageRequest.swift */; };
		D15E392D2D3589CC00A79944 /* EditMyProfileResponse.swift in Sources */ = {isa = PBXBuildFile; fileRef = D15E392C2D3589CC00A79944 /* EditMyProfileResponse.swift */; };
		D15E392F2D361CC400A79944 /* CustomAlertView.swift in Sources */ = {isa = PBXBuildFile; fileRef = D15E392E2D361CC400A79944 /* CustomAlertView.swift */; };
		D15E39322D362F9100A79944 /* RealmSwift in Frameworks */ = {isa = PBXBuildFile; productRef = D15E39312D362F9100A79944 /* RealmSwift */; };
		D15E39352D362FB000A79944 /* DBClient.swift in Sources */ = {isa = PBXBuildFile; fileRef = D15E39342D362FB000A79944 /* DBClient.swift */; };
		D16E746C2D2E18A2005956EC /* CustomFoldingGroup.swift in Sources */ = {isa = PBXBuildFile; fileRef = D16E746B2D2E18A2005956EC /* CustomFoldingGroup.swift */; };
		D16E746E2D2E1936005956EC /* Home.swift in Sources */ = {isa = PBXBuildFile; fileRef = D16E746D2D2E1936005956EC /* Home.swift */; };
		D16E74712D2E5166005956EC /* DMRoom.swift in Sources */ = {isa = PBXBuildFile; fileRef = D16E74702D2E5166005956EC /* DMRoom.swift */; };
		D16E74772D2E6992005956EC /* SideView.swift in Sources */ = {isa = PBXBuildFile; fileRef = D16E74762D2E6992005956EC /* SideView.swift */; };
		D16E747A2D2F63E1005956EC /* MyProfileResponse.swift in Sources */ = {isa = PBXBuildFile; fileRef = D16E74792D2F63E1005956EC /* MyProfileResponse.swift */; };
		D16E747D2D2F6B30005956EC /* ImageRouter.swift in Sources */ = {isa = PBXBuildFile; fileRef = D16E747C2D2F6B30005956EC /* ImageRouter.swift */; };
		D16E747F2D2F6CBC005956EC /* ImageClient.swift in Sources */ = {isa = PBXBuildFile; fileRef = D16E747E2D2F6CBC005956EC /* ImageClient.swift */; };
		D16E74812D2FA4FF005956EC /* LoadedImage.swift in Sources */ = {isa = PBXBuildFile; fileRef = D16E74802D2FA4FF005956EC /* LoadedImage.swift */; };
		D16E74832D30BD91005956EC /* MultipartData.swift in Sources */ = {isa = PBXBuildFile; fileRef = D16E74822D30BD91005956EC /* MultipartData.swift */; };
		D16E74852D30E313005956EC /* DM.swift in Sources */ = {isa = PBXBuildFile; fileRef = D16E74842D30E313005956EC /* DM.swift */; };
		D16E74872D30EB47005956EC /* MemberResponse.swift in Sources */ = {isa = PBXBuildFile; fileRef = D16E74862D30EB47005956EC /* MemberResponse.swift */; };
		D16E748A2D30EC95005956EC /* Member.swift in Sources */ = {isa = PBXBuildFile; fileRef = D16E74892D30EC95005956EC /* Member.swift */; };
		D16E748D2D30F586005956EC /* DMRouter.swift in Sources */ = {isa = PBXBuildFile; fileRef = D16E748C2D30F586005956EC /* DMRouter.swift */; };
		D16E748F2D30F71D005956EC /* DMClient.swift in Sources */ = {isa = PBXBuildFile; fileRef = D16E748E2D30F71D005956EC /* DMClient.swift */; };
		D16E74912D30F7B2005956EC /* DMRoomResponse.swift in Sources */ = {isa = PBXBuildFile; fileRef = D16E74902D30F7B2005956EC /* DMRoomResponse.swift */; };
		D16E74942D30FBAB005956EC /* InviteMemberRequest.swift in Sources */ = {isa = PBXBuildFile; fileRef = D16E74932D30FBAB005956EC /* InviteMemberRequest.swift */; };
		D16E749A2D30FE18005956EC /* CreateDMRoomRequest.swift in Sources */ = {isa = PBXBuildFile; fileRef = D16E74992D30FE18005956EC /* CreateDMRoomRequest.swift */; };
		D1E1164F2CD39B04000C1BC3 /* WorkWaveApp.swift in Sources */ = {isa = PBXBuildFile; fileRef = D1E1164E2CD39B04000C1BC3 /* WorkWaveApp.swift */; };
		D1E116512CD39B04000C1BC3 /* ContentView.swift in Sources */ = {isa = PBXBuildFile; fileRef = D1E116502CD39B04000C1BC3 /* ContentView.swift */; };
		D1E116532CD39B05000C1BC3 /* Assets.xcassets in Resources */ = {isa = PBXBuildFile; fileRef = D1E116522CD39B05000C1BC3 /* Assets.xcassets */; };
		D1E116562CD39B05000C1BC3 /* Preview Assets.xcassets in Resources */ = {isa = PBXBuildFile; fileRef = D1E116552CD39B05000C1BC3 /* Preview Assets.xcassets */; };
		D1E1165D2CD39B58000C1BC3 /* .gitignore in Resources */ = {isa = PBXBuildFile; fileRef = D1E1165C2CD39B58000C1BC3 /* .gitignore */; };
		D1E116602CD39D62000C1BC3 /* ComposableArchitecture in Frameworks */ = {isa = PBXBuildFile; productRef = D1E1165F2CD39D62000C1BC3 /* ComposableArchitecture */; };
		D1E116632CD3A579000C1BC3 /* HomeView.swift in Sources */ = {isa = PBXBuildFile; fileRef = D1E116622CD3A579000C1BC3 /* HomeView.swift */; };
		D1E116652CD3A91E000C1BC3 /* WWFont.swift in Sources */ = {isa = PBXBuildFile; fileRef = D1E116642CD3A91E000C1BC3 /* WWFont.swift */; };
		D1E116682CD3AB04000C1BC3 /* FontModifier.swift in Sources */ = {isa = PBXBuildFile; fileRef = D1E116672CD3AB04000C1BC3 /* FontModifier.swift */; };
		D1E1166C2CD3AEA4000C1BC3 /* DMView.swift in Sources */ = {isa = PBXBuildFile; fileRef = D1E1166B2CD3AEA4000C1BC3 /* DMView.swift */; };
		D1E116702CD3AF87000C1BC3 /* SearchView.swift in Sources */ = {isa = PBXBuildFile; fileRef = D1E1166F2CD3AF87000C1BC3 /* SearchView.swift */; };
		D1E116722CD3AF9D000C1BC3 /* SettingView.swift in Sources */ = {isa = PBXBuildFile; fileRef = D1E116712CD3AF9D000C1BC3 /* SettingView.swift */; };
		D1E116742CD3B312000C1BC3 /* OnboardingView.swift in Sources */ = {isa = PBXBuildFile; fileRef = D1E116732CD3B312000C1BC3 /* OnboardingView.swift */; };
		D1E116792CD3BCD0000C1BC3 /* CustomButton.swift in Sources */ = {isa = PBXBuildFile; fileRef = D1E116782CD3BCD0000C1BC3 /* CustomButton.swift */; };
		D1E1167C2CD66D86000C1BC3 /* Onboarding.swift in Sources */ = {isa = PBXBuildFile; fileRef = D1E1167B2CD66D86000C1BC3 /* Onboarding.swift */; };
		D1E1167E2CD67219000C1BC3 /* SignUpView.swift in Sources */ = {isa = PBXBuildFile; fileRef = D1E1167D2CD67219000C1BC3 /* SignUpView.swift */; };
		D1E116812CD68512000C1BC3 /* WWTabView.swift in Sources */ = {isa = PBXBuildFile; fileRef = D1E116802CD68512000C1BC3 /* WWTabView.swift */; };
		D1E116832CD685C2000C1BC3 /* SignUp.swift in Sources */ = {isa = PBXBuildFile; fileRef = D1E116822CD685C2000C1BC3 /* SignUp.swift */; };
		D1E116852CD686F4000C1BC3 /* ButtonWrapper.swift in Sources */ = {isa = PBXBuildFile; fileRef = D1E116842CD686F4000C1BC3 /* ButtonWrapper.swift */; };
		D1E116882CD69C76000C1BC3 /* CustomTextField.swift in Sources */ = {isa = PBXBuildFile; fileRef = D1E116872CD69C76000C1BC3 /* CustomTextField.swift */; };
		D1E1168A2CD6AE57000C1BC3 /* SheetHeaderView.swift in Sources */ = {isa = PBXBuildFile; fileRef = D1E116892CD6AE57000C1BC3 /* SheetHeaderView.swift */; };
		D1E1168D2CD84FDD000C1BC3 /* AuthView.swift in Sources */ = {isa = PBXBuildFile; fileRef = D1E1168C2CD84FDD000C1BC3 /* AuthView.swift */; };
		D1E1168F2CD84FFA000C1BC3 /* Auth.swift in Sources */ = {isa = PBXBuildFile; fileRef = D1E1168E2CD84FFA000C1BC3 /* Auth.swift */; };
		D1E116932CD9C2A5000C1BC3 /* UserClient.swift in Sources */ = {isa = PBXBuildFile; fileRef = D1E116922CD9C2A5000C1BC3 /* UserClient.swift */; };
		D1E116962CD9C314000C1BC3 /* ValidationEmailRequest.swift in Sources */ = {isa = PBXBuildFile; fileRef = D1E116952CD9C314000C1BC3 /* ValidationEmailRequest.swift */; };
		D1E116982CD9C345000C1BC3 /* APIKey.swift in Sources */ = {isa = PBXBuildFile; fileRef = D1E116972CD9C345000C1BC3 /* APIKey.swift */; };
		D1E1169B2CD9D90A000C1BC3 /* Alamofire in Frameworks */ = {isa = PBXBuildFile; productRef = D1E1169A2CD9D90A000C1BC3 /* Alamofire */; };
		D1E1169D2CD9D928000C1BC3 /* TargetType.swift in Sources */ = {isa = PBXBuildFile; fileRef = D1E1169C2CD9D928000C1BC3 /* TargetType.swift */; };
		D1E1169F2CD9DA92000C1BC3 /* Header.swift in Sources */ = {isa = PBXBuildFile; fileRef = D1E1169E2CD9DA92000C1BC3 /* Header.swift */; };
		D1E116A32CD9DBCA000C1BC3 /* UserRouter.swift in Sources */ = {isa = PBXBuildFile; fileRef = D1E116A22CD9DBCA000C1BC3 /* UserRouter.swift */; };
		D1E116A52CD9DE3E000C1BC3 /* NetworkManager.swift in Sources */ = {isa = PBXBuildFile; fileRef = D1E116A42CD9DE3E000C1BC3 /* NetworkManager.swift */; };
		D1E116A72CDB140E000C1BC3 /* DefaultNetworkManager.swift in Sources */ = {isa = PBXBuildFile; fileRef = D1E116A62CDB140E000C1BC3 /* DefaultNetworkManager.swift */; };
		D1E116A92CDB60F1000C1BC3 /* ErrorResponse.swift in Sources */ = {isa = PBXBuildFile; fileRef = D1E116A82CDB60F1000C1BC3 /* ErrorResponse.swift */; };
		D1E116AC2CDB9FB8000C1BC3 /* Toast.swift in Sources */ = {isa = PBXBuildFile; fileRef = D1E116AB2CDB9FB8000C1BC3 /* Toast.swift */; };
		D1E116AE2CDC7D11000C1BC3 /* SignupRequest.swift in Sources */ = {isa = PBXBuildFile; fileRef = D1E116AD2CDC7D11000C1BC3 /* SignupRequest.swift */; };
		D1E116B12CDC7FA4000C1BC3 /* SignupDTO.swift in Sources */ = {isa = PBXBuildFile; fileRef = D1E116B02CDC7FA4000C1BC3 /* SignupDTO.swift */; };
		D1E116B32CDC8DBC000C1BC3 /* CustomAppDelegate.swift in Sources */ = {isa = PBXBuildFile; fileRef = D1E116B22CDC8DBC000C1BC3 /* CustomAppDelegate.swift */; };
		D1E116B52CDCA329000C1BC3 /* GoogleService-Info.plist in Resources */ = {isa = PBXBuildFile; fileRef = D1E116B42CDCA329000C1BC3 /* GoogleService-Info.plist */; };
		D1E116B82CDCA59E000C1BC3 /* FirebaseAnalyticsWithoutAdIdSupport in Frameworks */ = {isa = PBXBuildFile; productRef = D1E116B72CDCA59E000C1BC3 /* FirebaseAnalyticsWithoutAdIdSupport */; };
		D1E116BA2CDCA59E000C1BC3 /* FirebaseMessaging in Frameworks */ = {isa = PBXBuildFile; productRef = D1E116B92CDCA59E000C1BC3 /* FirebaseMessaging */; };
		D1E116BD2CDCEC9D000C1BC3 /* KeychainAccess in Frameworks */ = {isa = PBXBuildFile; productRef = D1E116BC2CDCEC9D000C1BC3 /* KeychainAccess */; };
		D1E116C02CDCED3E000C1BC3 /* JWTKeyChainProtocol.swift in Sources */ = {isa = PBXBuildFile; fileRef = D1E116BF2CDCED3E000C1BC3 /* JWTKeyChainProtocol.swift */; };
		D1E116C22CDCEEA3000C1BC3 /* JWTKeyChain.swift in Sources */ = {isa = PBXBuildFile; fileRef = D1E116C12CDCEEA3000C1BC3 /* JWTKeyChain.swift */; };
		D1E116C62CDCF53C000C1BC3 /* DeviceTokenKeyChain.swift in Sources */ = {isa = PBXBuildFile; fileRef = D1E116C52CDCF53C000C1BC3 /* DeviceTokenKeyChain.swift */; };
		D1E116C82CDCF566000C1BC3 /* DeviceTokenKeyChainProtocol.swift in Sources */ = {isa = PBXBuildFile; fileRef = D1E116C72CDCF566000C1BC3 /* DeviceTokenKeyChainProtocol.swift */; };
		D1E116CB2CDE581E000C1BC3 /* WorkspaceInitialView.swift in Sources */ = {isa = PBXBuildFile; fileRef = D1E116CA2CDE581E000C1BC3 /* WorkspaceInitialView.swift */; };
		D1E116CE2CDE58AD000C1BC3 /* WorkspaceInitial.swift in Sources */ = {isa = PBXBuildFile; fileRef = D1E116CD2CDE58AD000C1BC3 /* WorkspaceInitial.swift */; };
		D1E116D12CE2515F000C1BC3 /* UserDefault.swift in Sources */ = {isa = PBXBuildFile; fileRef = D1E116D02CE2515F000C1BC3 /* UserDefault.swift */; };
		D1E116D32CE25180000C1BC3 /* UserDefaultManager.swift in Sources */ = {isa = PBXBuildFile; fileRef = D1E116D22CE25180000C1BC3 /* UserDefaultManager.swift */; };
		D1E116D52CE251AE000C1BC3 /* User.swift in Sources */ = {isa = PBXBuildFile; fileRef = D1E116D42CE251AE000C1BC3 /* User.swift */; };
		D1E116DB2CE35424000C1BC3 /* WorkspaceAddView.swift in Sources */ = {isa = PBXBuildFile; fileRef = D1E116DA2CE35424000C1BC3 /* WorkspaceAddView.swift */; };
		D1E116DD2CE35446000C1BC3 /* WorkspaceAdd.swift in Sources */ = {isa = PBXBuildFile; fileRef = D1E116DC2CE35446000C1BC3 /* WorkspaceAdd.swift */; };
		D1E116E72CE4F197000C1BC3 /* LoginRequest.swift in Sources */ = {isa = PBXBuildFile; fileRef = D1E116E62CE4F197000C1BC3 /* LoginRequest.swift */; };
		D1E116EA2CE4F56D000C1BC3 /* LoginView.swift in Sources */ = {isa = PBXBuildFile; fileRef = D1E116E92CE4F56D000C1BC3 /* LoginView.swift */; };
		D1E116ED2CE4F5C2000C1BC3 /* Login.swift in Sources */ = {isa = PBXBuildFile; fileRef = D1E116EC2CE4F5C2000C1BC3 /* Login.swift */; };
		D1E116F12CED7621000C1BC3 /* WWTab.swift in Sources */ = {isa = PBXBuildFile; fileRef = D1E116F02CED7621000C1BC3 /* WWTab.swift */; };
		D1E116F42CED7994000C1BC3 /* WorkspaceRouter.swift in Sources */ = {isa = PBXBuildFile; fileRef = D1E116F32CED7994000C1BC3 /* WorkspaceRouter.swift */; };
		D1E116F72CED7BA4000C1BC3 /* WorkspaceDTO.swift in Sources */ = {isa = PBXBuildFile; fileRef = D1E116F62CED7BA4000C1BC3 /* WorkspaceDTO.swift */; };
		D1E116F92CED7F7D000C1BC3 /* WorkspaceClient.swift in Sources */ = {isa = PBXBuildFile; fileRef = D1E116F82CED7F7D000C1BC3 /* WorkspaceClient.swift */; };
		D1E116FB2CED858C000C1BC3 /* HomeEmptyView.swift in Sources */ = {isa = PBXBuildFile; fileRef = D1E116FA2CED858C000C1BC3 /* HomeEmptyView.swift */; };
		D1E116FD2CED941F000C1BC3 /* HomeHeaderView.swift in Sources */ = {isa = PBXBuildFile; fileRef = D1E116FC2CED941F000C1BC3 /* HomeHeaderView.swift */; };
		D1E117002CED9A8C000C1BC3 /* AuthRouter.swift in Sources */ = {isa = PBXBuildFile; fileRef = D1E116FF2CED9A8B000C1BC3 /* AuthRouter.swift */; };
		D1E117022CED9A94000C1BC3 /* AuthClient.swift in Sources */ = {isa = PBXBuildFile; fileRef = D1E117012CED9A94000C1BC3 /* AuthClient.swift */; };
		D1E117042CEDA489000C1BC3 /* Refresh.swift in Sources */ = {isa = PBXBuildFile; fileRef = D1E117032CEDA489000C1BC3 /* Refresh.swift */; };
		D1E117092CF8AF5B000C1BC3 /* ImagePickerView.swift in Sources */ = {isa = PBXBuildFile; fileRef = D1E117082CF8AF5B000C1BC3 /* ImagePickerView.swift */; };
		D1E1170B2CF8B394000C1BC3 /* ImagePicker.swift in Sources */ = {isa = PBXBuildFile; fileRef = D1E1170A2CF8B394000C1BC3 /* ImagePicker.swift */; };
		D1E1171A2CFE9AE7000C1BC3 /* WorkspaceList.swift in Sources */ = {isa = PBXBuildFile; fileRef = D1E117192CFE9AE7000C1BC3 /* WorkspaceList.swift */; };
		D1E1171C2CFE9BC3000C1BC3 /* WorkspaceListView.swift in Sources */ = {isa = PBXBuildFile; fileRef = D1E1171B2CFE9BC3000C1BC3 /* WorkspaceListView.swift */; };
		D1E1171E2CFEAE23000C1BC3 /* RoundedCorner.swift in Sources */ = {isa = PBXBuildFile; fileRef = D1E1171D2CFEAE23000C1BC3 /* RoundedCorner.swift */; };
		D1E117212D03029C000C1BC3 /* DateManager.swift in Sources */ = {isa = PBXBuildFile; fileRef = D1E117202D03029C000C1BC3 /* DateManager.swift */; };
		D1E117242D0335E3000C1BC3 /* AddWorkspaceRequest.swift in Sources */ = {isa = PBXBuildFile; fileRef = D1E117232D0335E3000C1BC3 /* AddWorkspaceRequest.swift */; };
/* End PBXBuildFile section */

/* Begin PBXFileReference section */
		D15E38FF2D34065000A79944 /* Chatting.swift */ = {isa = PBXFileReference; lastKnownFileType = sourcecode.swift; path = Chatting.swift; sourceTree = "<group>"; };
		D15E39012D3406BA00A79944 /* UnreadDMsResponse.swift */ = {isa = PBXFileReference; lastKnownFileType = sourcecode.swift; path = UnreadDMsResponse.swift; sourceTree = "<group>"; };
		D15E39042D340B2000A79944 /* Date+Extension.swift */ = {isa = PBXFileReference; lastKnownFileType = sourcecode.swift; path = "Date+Extension.swift"; sourceTree = "<group>"; };
		D15E39062D340D4D00A79944 /* BadgeModifier.swift */ = {isa = PBXFileReference; lastKnownFileType = sourcecode.swift; path = BadgeModifier.swift; sourceTree = "<group>"; };
		D15E39082D341D0F00A79944 /* DMResponse.swift */ = {isa = PBXFileReference; lastKnownFileType = sourcecode.swift; path = DMResponse.swift; sourceTree = "<group>"; };
		D15E390B2D34AB4200A79944 /* DMChattingView.swift */ = {isa = PBXFileReference; lastKnownFileType = sourcecode.swift; path = DMChattingView.swift; sourceTree = "<group>"; };
		D15E390D2D34AB4800A79944 /* DMChatting.swift */ = {isa = PBXFileReference; lastKnownFileType = sourcecode.swift; path = DMChatting.swift; sourceTree = "<group>"; };
		D15E390F2D34B8FB00A79944 /* View+Extension.swift */ = {isa = PBXFileReference; lastKnownFileType = sourcecode.swift; path = "View+Extension.swift"; sourceTree = "<group>"; };
		D15E39112D34BC7F00A79944 /* ChattingImageView.swift */ = {isa = PBXFileReference; lastKnownFileType = sourcecode.swift; path = ChattingImageView.swift; sourceTree = "<group>"; };
		D15E39132D34BD2200A79944 /* CustomImageView.swift */ = {isa = PBXFileReference; lastKnownFileType = sourcecode.swift; path = CustomImageView.swift; sourceTree = "<group>"; };
		D15E39152D34BF9100A79944 /* ImageDetailView.swift */ = {isa = PBXFileReference; lastKnownFileType = sourcecode.swift; path = ImageDetailView.swift; sourceTree = "<group>"; };
		D15E39172D34C14500A79944 /* CustomPhotoPicker.swift */ = {isa = PBXFileReference; lastKnownFileType = sourcecode.swift; path = CustomPhotoPicker.swift; sourceTree = "<group>"; };
		D15E39192D34C80A00A79944 /* CustomToolbar.swift */ = {isa = PBXFileReference; lastKnownFileType = sourcecode.swift; path = CustomToolbar.swift; sourceTree = "<group>"; };
		D15E391B2D34FBAB00A79944 /* DMRequest.swift */ = {isa = PBXFileReference; lastKnownFileType = sourcecode.swift; path = DMRequest.swift; sourceTree = "<group>"; };
		D15E39212D35296400A79944 /* SocketIOManager.swift */ = {isa = PBXFileReference; lastKnownFileType = sourcecode.swift; path = SocketIOManager.swift; sourceTree = "<group>"; };
		D15E39242D357BC400A79944 /* ProfileView.swift */ = {isa = PBXFileReference; lastKnownFileType = sourcecode.swift; path = ProfileView.swift; sourceTree = "<group>"; };
		D15E39262D357BEB00A79944 /* Profile.swift */ = {isa = PBXFileReference; lastKnownFileType = sourcecode.swift; path = Profile.swift; sourceTree = "<group>"; };
		D15E39292D3587F400A79944 /* EditMyProfileImageRequest.swift */ = {isa = PBXFileReference; lastKnownFileType = sourcecode.swift; path = EditMyProfileImageRequest.swift; sourceTree = "<group>"; };
		D15E392C2D3589CC00A79944 /* EditMyProfileResponse.swift */ = {isa = PBXFileReference; lastKnownFileType = sourcecode.swift; path = EditMyProfileResponse.swift; sourceTree = "<group>"; };
		D15E392E2D361CC400A79944 /* CustomAlertView.swift */ = {isa = PBXFileReference; lastKnownFileType = sourcecode.swift; path = CustomAlertView.swift; sourceTree = "<group>"; };
		D15E39342D362FB000A79944 /* DBClient.swift */ = {isa = PBXFileReference; lastKnownFileType = sourcecode.swift; path = DBClient.swift; sourceTree = "<group>"; };
		D16E746B2D2E18A2005956EC /* CustomFoldingGroup.swift */ = {isa = PBXFileReference; lastKnownFileType = sourcecode.swift; path = CustomFoldingGroup.swift; sourceTree = "<group>"; };
		D16E746D2D2E1936005956EC /* Home.swift */ = {isa = PBXFileReference; lastKnownFileType = sourcecode.swift; path = Home.swift; sourceTree = "<group>"; };
		D16E74702D2E5166005956EC /* DMRoom.swift */ = {isa = PBXFileReference; lastKnownFileType = sourcecode.swift; path = DMRoom.swift; sourceTree = "<group>"; };
		D16E74762D2E6992005956EC /* SideView.swift */ = {isa = PBXFileReference; lastKnownFileType = sourcecode.swift; path = SideView.swift; sourceTree = "<group>"; };
		D16E74792D2F63E1005956EC /* MyProfileResponse.swift */ = {isa = PBXFileReference; lastKnownFileType = sourcecode.swift; path = MyProfileResponse.swift; sourceTree = "<group>"; };
		D16E747C2D2F6B30005956EC /* ImageRouter.swift */ = {isa = PBXFileReference; lastKnownFileType = sourcecode.swift; path = ImageRouter.swift; sourceTree = "<group>"; };
		D16E747E2D2F6CBC005956EC /* ImageClient.swift */ = {isa = PBXFileReference; lastKnownFileType = sourcecode.swift; path = ImageClient.swift; sourceTree = "<group>"; };
		D16E74802D2FA4FF005956EC /* LoadedImage.swift */ = {isa = PBXFileReference; lastKnownFileType = sourcecode.swift; path = LoadedImage.swift; sourceTree = "<group>"; };
		D16E74822D30BD91005956EC /* MultipartData.swift */ = {isa = PBXFileReference; lastKnownFileType = sourcecode.swift; path = MultipartData.swift; sourceTree = "<group>"; };
		D16E74842D30E313005956EC /* DM.swift */ = {isa = PBXFileReference; lastKnownFileType = sourcecode.swift; path = DM.swift; sourceTree = "<group>"; };
		D16E74862D30EB47005956EC /* MemberResponse.swift */ = {isa = PBXFileReference; lastKnownFileType = sourcecode.swift; path = MemberResponse.swift; sourceTree = "<group>"; };
		D16E74892D30EC95005956EC /* Member.swift */ = {isa = PBXFileReference; lastKnownFileType = sourcecode.swift; path = Member.swift; sourceTree = "<group>"; };
		D16E748C2D30F586005956EC /* DMRouter.swift */ = {isa = PBXFileReference; lastKnownFileType = sourcecode.swift; path = DMRouter.swift; sourceTree = "<group>"; };
		D16E748E2D30F71D005956EC /* DMClient.swift */ = {isa = PBXFileReference; lastKnownFileType = sourcecode.swift; path = DMClient.swift; sourceTree = "<group>"; };
		D16E74902D30F7B2005956EC /* DMRoomResponse.swift */ = {isa = PBXFileReference; lastKnownFileType = sourcecode.swift; path = DMRoomResponse.swift; sourceTree = "<group>"; };
		D16E74932D30FBAB005956EC /* InviteMemberRequest.swift */ = {isa = PBXFileReference; lastKnownFileType = sourcecode.swift; path = InviteMemberRequest.swift; sourceTree = "<group>"; };
		D16E74992D30FE18005956EC /* CreateDMRoomRequest.swift */ = {isa = PBXFileReference; lastKnownFileType = sourcecode.swift; path = CreateDMRoomRequest.swift; sourceTree = "<group>"; };
		D1E1164B2CD39B04000C1BC3 /* WorkWave.app */ = {isa = PBXFileReference; explicitFileType = wrapper.application; includeInIndex = 0; path = WorkWave.app; sourceTree = BUILT_PRODUCTS_DIR; };
		D1E1164E2CD39B04000C1BC3 /* WorkWaveApp.swift */ = {isa = PBXFileReference; lastKnownFileType = sourcecode.swift; path = WorkWaveApp.swift; sourceTree = "<group>"; };
		D1E116502CD39B04000C1BC3 /* ContentView.swift */ = {isa = PBXFileReference; lastKnownFileType = sourcecode.swift; path = ContentView.swift; sourceTree = "<group>"; };
		D1E116522CD39B05000C1BC3 /* Assets.xcassets */ = {isa = PBXFileReference; lastKnownFileType = folder.assetcatalog; path = Assets.xcassets; sourceTree = "<group>"; };
		D1E116552CD39B05000C1BC3 /* Preview Assets.xcassets */ = {isa = PBXFileReference; lastKnownFileType = folder.assetcatalog; path = "Preview Assets.xcassets"; sourceTree = "<group>"; };
		D1E1165C2CD39B58000C1BC3 /* .gitignore */ = {isa = PBXFileReference; lastKnownFileType = text; path = .gitignore; sourceTree = "<group>"; };
		D1E116622CD3A579000C1BC3 /* HomeView.swift */ = {isa = PBXFileReference; lastKnownFileType = sourcecode.swift; path = HomeView.swift; sourceTree = "<group>"; };
		D1E116642CD3A91E000C1BC3 /* WWFont.swift */ = {isa = PBXFileReference; lastKnownFileType = sourcecode.swift; path = WWFont.swift; sourceTree = "<group>"; };
		D1E116672CD3AB04000C1BC3 /* FontModifier.swift */ = {isa = PBXFileReference; lastKnownFileType = sourcecode.swift; path = FontModifier.swift; sourceTree = "<group>"; };
		D1E1166B2CD3AEA4000C1BC3 /* DMView.swift */ = {isa = PBXFileReference; lastKnownFileType = sourcecode.swift; path = DMView.swift; sourceTree = "<group>"; };
		D1E1166F2CD3AF87000C1BC3 /* SearchView.swift */ = {isa = PBXFileReference; lastKnownFileType = sourcecode.swift; path = SearchView.swift; sourceTree = "<group>"; };
		D1E116712CD3AF9D000C1BC3 /* SettingView.swift */ = {isa = PBXFileReference; lastKnownFileType = sourcecode.swift; path = SettingView.swift; sourceTree = "<group>"; };
		D1E116732CD3B312000C1BC3 /* OnboardingView.swift */ = {isa = PBXFileReference; lastKnownFileType = sourcecode.swift; path = OnboardingView.swift; sourceTree = "<group>"; };
		D1E116782CD3BCD0000C1BC3 /* CustomButton.swift */ = {isa = PBXFileReference; lastKnownFileType = sourcecode.swift; path = CustomButton.swift; sourceTree = "<group>"; };
		D1E1167B2CD66D86000C1BC3 /* Onboarding.swift */ = {isa = PBXFileReference; lastKnownFileType = sourcecode.swift; path = Onboarding.swift; sourceTree = "<group>"; };
		D1E1167D2CD67219000C1BC3 /* SignUpView.swift */ = {isa = PBXFileReference; lastKnownFileType = sourcecode.swift; path = SignUpView.swift; sourceTree = "<group>"; };
		D1E116802CD68512000C1BC3 /* WWTabView.swift */ = {isa = PBXFileReference; lastKnownFileType = sourcecode.swift; path = WWTabView.swift; sourceTree = "<group>"; };
		D1E116822CD685C2000C1BC3 /* SignUp.swift */ = {isa = PBXFileReference; lastKnownFileType = sourcecode.swift; path = SignUp.swift; sourceTree = "<group>"; };
		D1E116842CD686F4000C1BC3 /* ButtonWrapper.swift */ = {isa = PBXFileReference; lastKnownFileType = sourcecode.swift; path = ButtonWrapper.swift; sourceTree = "<group>"; };
		D1E116872CD69C76000C1BC3 /* CustomTextField.swift */ = {isa = PBXFileReference; lastKnownFileType = sourcecode.swift; path = CustomTextField.swift; sourceTree = "<group>"; };
		D1E116892CD6AE57000C1BC3 /* SheetHeaderView.swift */ = {isa = PBXFileReference; lastKnownFileType = sourcecode.swift; path = SheetHeaderView.swift; sourceTree = "<group>"; };
		D1E1168C2CD84FDD000C1BC3 /* AuthView.swift */ = {isa = PBXFileReference; lastKnownFileType = sourcecode.swift; path = AuthView.swift; sourceTree = "<group>"; };
		D1E1168E2CD84FFA000C1BC3 /* Auth.swift */ = {isa = PBXFileReference; lastKnownFileType = sourcecode.swift; path = Auth.swift; sourceTree = "<group>"; };
		D1E116902CD85B75000C1BC3 /* WorkWave.entitlements */ = {isa = PBXFileReference; lastKnownFileType = text.plist.entitlements; path = WorkWave.entitlements; sourceTree = "<group>"; };
		D1E116922CD9C2A5000C1BC3 /* UserClient.swift */ = {isa = PBXFileReference; lastKnownFileType = sourcecode.swift; path = UserClient.swift; sourceTree = "<group>"; };
		D1E116952CD9C314000C1BC3 /* ValidationEmailRequest.swift */ = {isa = PBXFileReference; lastKnownFileType = sourcecode.swift; path = ValidationEmailRequest.swift; sourceTree = "<group>"; };
		D1E116972CD9C345000C1BC3 /* APIKey.swift */ = {isa = PBXFileReference; lastKnownFileType = sourcecode.swift; path = APIKey.swift; sourceTree = "<group>"; };
		D1E1169C2CD9D928000C1BC3 /* TargetType.swift */ = {isa = PBXFileReference; lastKnownFileType = sourcecode.swift; path = TargetType.swift; sourceTree = "<group>"; };
		D1E1169E2CD9DA92000C1BC3 /* Header.swift */ = {isa = PBXFileReference; lastKnownFileType = sourcecode.swift; path = Header.swift; sourceTree = "<group>"; };
		D1E116A22CD9DBCA000C1BC3 /* UserRouter.swift */ = {isa = PBXFileReference; lastKnownFileType = sourcecode.swift; path = UserRouter.swift; sourceTree = "<group>"; };
		D1E116A42CD9DE3E000C1BC3 /* NetworkManager.swift */ = {isa = PBXFileReference; lastKnownFileType = sourcecode.swift; path = NetworkManager.swift; sourceTree = "<group>"; };
		D1E116A62CDB140E000C1BC3 /* DefaultNetworkManager.swift */ = {isa = PBXFileReference; lastKnownFileType = sourcecode.swift; path = DefaultNetworkManager.swift; sourceTree = "<group>"; };
		D1E116A82CDB60F1000C1BC3 /* ErrorResponse.swift */ = {isa = PBXFileReference; lastKnownFileType = sourcecode.swift; path = ErrorResponse.swift; sourceTree = "<group>"; };
		D1E116AA2CDB8E7B000C1BC3 /* Info.plist */ = {isa = PBXFileReference; lastKnownFileType = text.plist; path = Info.plist; sourceTree = "<group>"; };
		D1E116AB2CDB9FB8000C1BC3 /* Toast.swift */ = {isa = PBXFileReference; lastKnownFileType = sourcecode.swift; path = Toast.swift; sourceTree = "<group>"; };
		D1E116AD2CDC7D11000C1BC3 /* SignupRequest.swift */ = {isa = PBXFileReference; lastKnownFileType = sourcecode.swift; path = SignupRequest.swift; sourceTree = "<group>"; };
		D1E116B02CDC7FA4000C1BC3 /* SignupDTO.swift */ = {isa = PBXFileReference; lastKnownFileType = sourcecode.swift; path = SignupDTO.swift; sourceTree = "<group>"; };
		D1E116B22CDC8DBC000C1BC3 /* CustomAppDelegate.swift */ = {isa = PBXFileReference; lastKnownFileType = sourcecode.swift; path = CustomAppDelegate.swift; sourceTree = "<group>"; };
		D1E116B42CDCA329000C1BC3 /* GoogleService-Info.plist */ = {isa = PBXFileReference; fileEncoding = 4; lastKnownFileType = text.plist.xml; path = "GoogleService-Info.plist"; sourceTree = "<group>"; };
		D1E116BF2CDCED3E000C1BC3 /* JWTKeyChainProtocol.swift */ = {isa = PBXFileReference; lastKnownFileType = sourcecode.swift; path = JWTKeyChainProtocol.swift; sourceTree = "<group>"; };
		D1E116C12CDCEEA3000C1BC3 /* JWTKeyChain.swift */ = {isa = PBXFileReference; lastKnownFileType = sourcecode.swift; path = JWTKeyChain.swift; sourceTree = "<group>"; };
		D1E116C52CDCF53C000C1BC3 /* DeviceTokenKeyChain.swift */ = {isa = PBXFileReference; lastKnownFileType = sourcecode.swift; path = DeviceTokenKeyChain.swift; sourceTree = "<group>"; };
		D1E116C72CDCF566000C1BC3 /* DeviceTokenKeyChainProtocol.swift */ = {isa = PBXFileReference; lastKnownFileType = sourcecode.swift; path = DeviceTokenKeyChainProtocol.swift; sourceTree = "<group>"; };
		D1E116CA2CDE581E000C1BC3 /* WorkspaceInitialView.swift */ = {isa = PBXFileReference; lastKnownFileType = sourcecode.swift; path = WorkspaceInitialView.swift; sourceTree = "<group>"; };
		D1E116CD2CDE58AD000C1BC3 /* WorkspaceInitial.swift */ = {isa = PBXFileReference; lastKnownFileType = sourcecode.swift; path = WorkspaceInitial.swift; sourceTree = "<group>"; };
		D1E116D02CE2515F000C1BC3 /* UserDefault.swift */ = {isa = PBXFileReference; lastKnownFileType = sourcecode.swift; path = UserDefault.swift; sourceTree = "<group>"; };
		D1E116D22CE25180000C1BC3 /* UserDefaultManager.swift */ = {isa = PBXFileReference; lastKnownFileType = sourcecode.swift; path = UserDefaultManager.swift; sourceTree = "<group>"; };
		D1E116D42CE251AE000C1BC3 /* User.swift */ = {isa = PBXFileReference; lastKnownFileType = sourcecode.swift; path = User.swift; sourceTree = "<group>"; };
		D1E116DA2CE35424000C1BC3 /* WorkspaceAddView.swift */ = {isa = PBXFileReference; lastKnownFileType = sourcecode.swift; path = WorkspaceAddView.swift; sourceTree = "<group>"; };
		D1E116DC2CE35446000C1BC3 /* WorkspaceAdd.swift */ = {isa = PBXFileReference; lastKnownFileType = sourcecode.swift; path = WorkspaceAdd.swift; sourceTree = "<group>"; };
		D1E116E62CE4F197000C1BC3 /* LoginRequest.swift */ = {isa = PBXFileReference; lastKnownFileType = sourcecode.swift; path = LoginRequest.swift; sourceTree = "<group>"; };
		D1E116E92CE4F56D000C1BC3 /* LoginView.swift */ = {isa = PBXFileReference; lastKnownFileType = sourcecode.swift; path = LoginView.swift; sourceTree = "<group>"; };
		D1E116EC2CE4F5C2000C1BC3 /* Login.swift */ = {isa = PBXFileReference; lastKnownFileType = sourcecode.swift; path = Login.swift; sourceTree = "<group>"; };
		D1E116F02CED7621000C1BC3 /* WWTab.swift */ = {isa = PBXFileReference; lastKnownFileType = sourcecode.swift; path = WWTab.swift; sourceTree = "<group>"; };
		D1E116F32CED7994000C1BC3 /* WorkspaceRouter.swift */ = {isa = PBXFileReference; lastKnownFileType = sourcecode.swift; path = WorkspaceRouter.swift; sourceTree = "<group>"; };
		D1E116F62CED7BA4000C1BC3 /* WorkspaceDTO.swift */ = {isa = PBXFileReference; lastKnownFileType = sourcecode.swift; path = WorkspaceDTO.swift; sourceTree = "<group>"; };
		D1E116F82CED7F7D000C1BC3 /* WorkspaceClient.swift */ = {isa = PBXFileReference; lastKnownFileType = sourcecode.swift; path = WorkspaceClient.swift; sourceTree = "<group>"; };
		D1E116FA2CED858C000C1BC3 /* HomeEmptyView.swift */ = {isa = PBXFileReference; lastKnownFileType = sourcecode.swift; path = HomeEmptyView.swift; sourceTree = "<group>"; };
		D1E116FC2CED941F000C1BC3 /* HomeHeaderView.swift */ = {isa = PBXFileReference; lastKnownFileType = sourcecode.swift; path = HomeHeaderView.swift; sourceTree = "<group>"; };
		D1E116FF2CED9A8B000C1BC3 /* AuthRouter.swift */ = {isa = PBXFileReference; lastKnownFileType = sourcecode.swift; path = AuthRouter.swift; sourceTree = "<group>"; };
		D1E117012CED9A94000C1BC3 /* AuthClient.swift */ = {isa = PBXFileReference; lastKnownFileType = sourcecode.swift; path = AuthClient.swift; sourceTree = "<group>"; };
		D1E117032CEDA489000C1BC3 /* Refresh.swift */ = {isa = PBXFileReference; lastKnownFileType = sourcecode.swift; path = Refresh.swift; sourceTree = "<group>"; };
		D1E117082CF8AF5B000C1BC3 /* ImagePickerView.swift */ = {isa = PBXFileReference; lastKnownFileType = sourcecode.swift; path = ImagePickerView.swift; sourceTree = "<group>"; };
		D1E1170A2CF8B394000C1BC3 /* ImagePicker.swift */ = {isa = PBXFileReference; lastKnownFileType = sourcecode.swift; path = ImagePicker.swift; sourceTree = "<group>"; };
		D1E117192CFE9AE7000C1BC3 /* WorkspaceList.swift */ = {isa = PBXFileReference; lastKnownFileType = sourcecode.swift; path = WorkspaceList.swift; sourceTree = "<group>"; };
		D1E1171B2CFE9BC3000C1BC3 /* WorkspaceListView.swift */ = {isa = PBXFileReference; lastKnownFileType = sourcecode.swift; path = WorkspaceListView.swift; sourceTree = "<group>"; };
		D1E1171D2CFEAE23000C1BC3 /* RoundedCorner.swift */ = {isa = PBXFileReference; lastKnownFileType = sourcecode.swift; path = RoundedCorner.swift; sourceTree = "<group>"; };
		D1E117202D03029C000C1BC3 /* DateManager.swift */ = {isa = PBXFileReference; lastKnownFileType = sourcecode.swift; path = DateManager.swift; sourceTree = "<group>"; };
		D1E117232D0335E3000C1BC3 /* AddWorkspaceRequest.swift */ = {isa = PBXFileReference; lastKnownFileType = sourcecode.swift; path = AddWorkspaceRequest.swift; sourceTree = "<group>"; };
/* End PBXFileReference section */

/* Begin PBXFrameworksBuildPhase section */
		D1E116482CD39B04000C1BC3 /* Frameworks */ = {
			isa = PBXFrameworksBuildPhase;
			buildActionMask = 2147483647;
			files = (
				D1E116BA2CDCA59E000C1BC3 /* FirebaseMessaging in Frameworks */,
				D1E116602CD39D62000C1BC3 /* ComposableArchitecture in Frameworks */,
				D15E39322D362F9100A79944 /* RealmSwift in Frameworks */,
				D1E116B82CDCA59E000C1BC3 /* FirebaseAnalyticsWithoutAdIdSupport in Frameworks */,
				D1E1169B2CD9D90A000C1BC3 /* Alamofire in Frameworks */,
				D1E116BD2CDCEC9D000C1BC3 /* KeychainAccess in Frameworks */,
				D15E391F2D35278F00A79944 /* SocketIO in Frameworks */,
			);
			runOnlyForDeploymentPostprocessing = 0;
		};
/* End PBXFrameworksBuildPhase section */

/* Begin PBXGroup section */
		D15E39032D340B0D00A79944 /* Extension */ = {
			isa = PBXGroup;
			children = (
				D15E39042D340B2000A79944 /* Date+Extension.swift */,
				D15E390F2D34B8FB00A79944 /* View+Extension.swift */,
			);
			path = Extension;
			sourceTree = "<group>";
		};
		D15E390A2D34AB3B00A79944 /* Chatting */ = {
			isa = PBXGroup;
			children = (
				D15E390B2D34AB4200A79944 /* DMChattingView.swift */,
				D15E390D2D34AB4800A79944 /* DMChatting.swift */,
			);
			path = Chatting;
			sourceTree = "<group>";
		};
		D15E39202D35294A00A79944 /* Socket */ = {
			isa = PBXGroup;
			children = (
				D15E39212D35296400A79944 /* SocketIOManager.swift */,
			);
			path = Socket;
			sourceTree = "<group>";
		};
		D15E39232D357B6400A79944 /* Profile */ = {
			isa = PBXGroup;
			children = (
				D15E39242D357BC400A79944 /* ProfileView.swift */,
				D15E39262D357BEB00A79944 /* Profile.swift */,
			);
			path = Profile;
			sourceTree = "<group>";
		};
		D15E39282D3587EA00A79944 /* RequestModel */ = {
			isa = PBXGroup;
			children = (
				D15E39292D3587F400A79944 /* EditMyProfileImageRequest.swift */,
			);
			path = RequestModel;
			sourceTree = "<group>";
		};
		D15E392B2D35897E00A79944 /* ResponseModel */ = {
			isa = PBXGroup;
			children = (
				D16E74792D2F63E1005956EC /* MyProfileResponse.swift */,
				D15E392C2D3589CC00A79944 /* EditMyProfileResponse.swift */,
			);
			path = ResponseModel;
			sourceTree = "<group>";
		};
		D15E39332D362FA000A79944 /* DataBase */ = {
			isa = PBXGroup;
			children = (
				D15E39342D362FB000A79944 /* DBClient.swift */,
			);
			path = DataBase;
			sourceTree = "<group>";
		};
		D16E74782D2F63D6005956EC /* ResponseModel */ = {
			isa = PBXGroup;
			children = (
			);
			path = ResponseModel;
			sourceTree = "<group>";
		};
		D16E747B2D2F6B24005956EC /* Image */ = {
			isa = PBXGroup;
			children = (
				D16E747C2D2F6B30005956EC /* ImageRouter.swift */,
				D16E747E2D2F6CBC005956EC /* ImageClient.swift */,
			);
			path = Image;
			sourceTree = "<group>";
		};
		D16E74882D30EC8C005956EC /* PresentModel */ = {
			isa = PBXGroup;
			children = (
				D16E74892D30EC95005956EC /* Member.swift */,
				D16E74702D2E5166005956EC /* DMRoom.swift */,
				D15E38FF2D34065000A79944 /* Chatting.swift */,
			);
			path = PresentModel;
			sourceTree = "<group>";
		};
		D16E748B2D30F57D005956EC /* DM */ = {
			isa = PBXGroup;
			children = (
				D16E74982D30FDFD005956EC /* RequestModel */,
				D16E74972D30FDF3005956EC /* ResponseModel */,
				D16E748C2D30F586005956EC /* DMRouter.swift */,
				D16E748E2D30F71D005956EC /* DMClient.swift */,
			);
			path = DM;
			sourceTree = "<group>";
		};
		D16E74952D30FBB6005956EC /* RequestModel */ = {
			isa = PBXGroup;
			children = (
				D16E74932D30FBAB005956EC /* InviteMemberRequest.swift */,
			);
			path = RequestModel;
			sourceTree = "<group>";
		};
		D16E74962D30FBC0005956EC /* ResponseModel */ = {
			isa = PBXGroup;
			children = (
				D16E74862D30EB47005956EC /* MemberResponse.swift */,
			);
			path = ResponseModel;
			sourceTree = "<group>";
		};
		D16E74972D30FDF3005956EC /* ResponseModel */ = {
			isa = PBXGroup;
			children = (
				D16E74902D30F7B2005956EC /* DMRoomResponse.swift */,
				D15E39012D3406BA00A79944 /* UnreadDMsResponse.swift */,
				D15E39082D341D0F00A79944 /* DMResponse.swift */,
			);
			path = ResponseModel;
			sourceTree = "<group>";
		};
		D16E74982D30FDFD005956EC /* RequestModel */ = {
			isa = PBXGroup;
			children = (
				D16E74992D30FE18005956EC /* CreateDMRoomRequest.swift */,
				D15E391B2D34FBAB00A79944 /* DMRequest.swift */,
			);
			path = RequestModel;
			sourceTree = "<group>";
		};
		D1E116422CD39B04000C1BC3 = {
			isa = PBXGroup;
			children = (
				D1E1165C2CD39B58000C1BC3 /* .gitignore */,
				D1E1164D2CD39B04000C1BC3 /* WorkWave */,
				D1E1164C2CD39B04000C1BC3 /* Products */,
			);
			sourceTree = "<group>";
		};
		D1E1164C2CD39B04000C1BC3 /* Products */ = {
			isa = PBXGroup;
			children = (
				D1E1164B2CD39B04000C1BC3 /* WorkWave.app */,
			);
			name = Products;
			sourceTree = "<group>";
		};
		D1E1164D2CD39B04000C1BC3 /* WorkWave */ = {
			isa = PBXGroup;
			children = (
				D15E39332D362FA000A79944 /* DataBase */,
				D1E116692CD3ADE1000C1BC3 /* Resources */,
				D15E39032D340B0D00A79944 /* Extension */,
				D16E74882D30EC8C005956EC /* PresentModel */,
				D1E1171F2D030293000C1BC3 /* Manager */,
				D1E116B42CDCA329000C1BC3 /* GoogleService-Info.plist */,
				D1E116AA2CDB8E7B000C1BC3 /* Info.plist */,
				D1E116902CD85B75000C1BC3 /* WorkWave.entitlements */,
				D1E116752CD3B424000C1BC3 /* CustomComponents */,
				D1E116662CD3AAFD000C1BC3 /* Modifiers */,
				D1E116CF2CE25151000C1BC3 /* UserDefaults */,
				D1E116912CD9C28A000C1BC3 /* Dependency */,
				D1E117072CF8AF44000C1BC3 /* ImagePicker */,
				D1E116862CD68E22000C1BC3 /* Onboarding */,
				D1E1168B2CD84FD7000C1BC3 /* Auth */,
				D1E1167A2CD66D5F000C1BC3 /* SignUp */,
				D1E116E82CE4F553000C1BC3 /* Login */,
				D15E39232D357B6400A79944 /* Profile */,
				D1E116C92CDE5750000C1BC3 /* WorkSpace */,
				D1E1164E2CD39B04000C1BC3 /* WorkWaveApp.swift */,
				D1E116502CD39B04000C1BC3 /* ContentView.swift */,
				D1E116B22CDC8DBC000C1BC3 /* CustomAppDelegate.swift */,
				D1E116542CD39B05000C1BC3 /* Preview Content */,
				D1E116972CD9C345000C1BC3 /* APIKey.swift */,
			);
			path = WorkWave;
			sourceTree = "<group>";
		};
		D1E116542CD39B05000C1BC3 /* Preview Content */ = {
			isa = PBXGroup;
			children = (
				D1E116552CD39B05000C1BC3 /* Preview Assets.xcassets */,
			);
			path = "Preview Content";
			sourceTree = "<group>";
		};
		D1E116612CD3A495000C1BC3 /* Home */ = {
			isa = PBXGroup;
			children = (
				D16E74782D2F63D6005956EC /* ResponseModel */,
				D1E116622CD3A579000C1BC3 /* HomeView.swift */,
				D16E746D2D2E1936005956EC /* Home.swift */,
				D1E116FA2CED858C000C1BC3 /* HomeEmptyView.swift */,
				D1E116FC2CED941F000C1BC3 /* HomeHeaderView.swift */,
				D16E74762D2E6992005956EC /* SideView.swift */,
			);
			path = Home;
			sourceTree = "<group>";
		};
		D1E116662CD3AAFD000C1BC3 /* Modifiers */ = {
			isa = PBXGroup;
			children = (
				D1E116672CD3AB04000C1BC3 /* FontModifier.swift */,
				D1E116842CD686F4000C1BC3 /* ButtonWrapper.swift */,
				D1E1171D2CFEAE23000C1BC3 /* RoundedCorner.swift */,
				D15E39062D340D4D00A79944 /* BadgeModifier.swift */,
			);
			path = Modifiers;
			sourceTree = "<group>";
		};
		D1E116692CD3ADE1000C1BC3 /* Resources */ = {
			isa = PBXGroup;
			children = (
				D1E116522CD39B05000C1BC3 /* Assets.xcassets */,
				D1E116642CD3A91E000C1BC3 /* WWFont.swift */,
			);
			path = Resources;
			sourceTree = "<group>";
		};
		D1E1166A2CD3AE90000C1BC3 /* DM */ = {
			isa = PBXGroup;
			children = (
				D15E390A2D34AB3B00A79944 /* Chatting */,
				D1E1166B2CD3AEA4000C1BC3 /* DMView.swift */,
				D16E74842D30E313005956EC /* DM.swift */,
			);
			path = DM;
			sourceTree = "<group>";
		};
		D1E1166D2CD3AF67000C1BC3 /* Search */ = {
			isa = PBXGroup;
			children = (
				D1E1166F2CD3AF87000C1BC3 /* SearchView.swift */,
			);
			path = Search;
			sourceTree = "<group>";
		};
		D1E1166E2CD3AF78000C1BC3 /* Setting */ = {
			isa = PBXGroup;
			children = (
				D1E116712CD3AF9D000C1BC3 /* SettingView.swift */,
			);
			path = Setting;
			sourceTree = "<group>";
		};
		D1E116752CD3B424000C1BC3 /* CustomComponents */ = {
			isa = PBXGroup;
			children = (
				D1E116782CD3BCD0000C1BC3 /* CustomButton.swift */,
				D16E746B2D2E18A2005956EC /* CustomFoldingGroup.swift */,
				D1E116872CD69C76000C1BC3 /* CustomTextField.swift */,
				D1E116892CD6AE57000C1BC3 /* SheetHeaderView.swift */,
				D1E116AB2CDB9FB8000C1BC3 /* Toast.swift */,
				D16E74802D2FA4FF005956EC /* LoadedImage.swift */,
				D15E39112D34BC7F00A79944 /* ChattingImageView.swift */,
				D15E39132D34BD2200A79944 /* CustomImageView.swift */,
				D15E39152D34BF9100A79944 /* ImageDetailView.swift */,
				D15E39172D34C14500A79944 /* CustomPhotoPicker.swift */,
				D15E39192D34C80A00A79944 /* CustomToolbar.swift */,
				D15E392E2D361CC400A79944 /* CustomAlertView.swift */,
			);
			path = CustomComponents;
			sourceTree = "<group>";
		};
		D1E1167A2CD66D5F000C1BC3 /* SignUp */ = {
			isa = PBXGroup;
			children = (
				D1E116AF2CDC7F96000C1BC3 /* ResponseModel */,
				D1E116942CD9C2DC000C1BC3 /* RequestModel */,
				D1E1167D2CD67219000C1BC3 /* SignUpView.swift */,
				D1E116822CD685C2000C1BC3 /* SignUp.swift */,
			);
			path = SignUp;
			sourceTree = "<group>";
		};
		D1E1167F2CD684F6000C1BC3 /* TabView */ = {
			isa = PBXGroup;
			children = (
				D1E117182CFE9AE0000C1BC3 /* List */,
				D1E116F52CED7B73000C1BC3 /* ResponseModel */,
				D1E116802CD68512000C1BC3 /* WWTabView.swift */,
				D1E116F02CED7621000C1BC3 /* WWTab.swift */,
				D1E1166A2CD3AE90000C1BC3 /* DM */,
				D1E116612CD3A495000C1BC3 /* Home */,
				D1E1166D2CD3AF67000C1BC3 /* Search */,
				D1E1166E2CD3AF78000C1BC3 /* Setting */,
			);
			path = TabView;
			sourceTree = "<group>";
		};
		D1E116862CD68E22000C1BC3 /* Onboarding */ = {
			isa = PBXGroup;
			children = (
				D1E116732CD3B312000C1BC3 /* OnboardingView.swift */,
				D1E1167B2CD66D86000C1BC3 /* Onboarding.swift */,
			);
			path = Onboarding;
			sourceTree = "<group>";
		};
		D1E1168B2CD84FD7000C1BC3 /* Auth */ = {
			isa = PBXGroup;
			children = (
				D1E1168C2CD84FDD000C1BC3 /* AuthView.swift */,
				D1E1168E2CD84FFA000C1BC3 /* Auth.swift */,
			);
			path = Auth;
			sourceTree = "<group>";
		};
		D1E116912CD9C28A000C1BC3 /* Dependency */ = {
			isa = PBXGroup;
			children = (
				D16E748B2D30F57D005956EC /* DM */,
				D16E747B2D2F6B24005956EC /* Image */,
				D1E116BE2CDCED2C000C1BC3 /* KeyChain */,
				D1E116A02CD9DAB0000C1BC3 /* Network */,
				D1E116FE2CED9A78000C1BC3 /* Auth */,
				D1E116A12CD9DBB7000C1BC3 /* User */,
				D1E116F22CED7931000C1BC3 /* Workspace */,
			);
			path = Dependency;
			sourceTree = "<group>";
		};
		D1E116942CD9C2DC000C1BC3 /* RequestModel */ = {
			isa = PBXGroup;
			children = (
				D1E116952CD9C314000C1BC3 /* ValidationEmailRequest.swift */,
				D1E116AD2CDC7D11000C1BC3 /* SignupRequest.swift */,
			);
			path = RequestModel;
			sourceTree = "<group>";
		};
		D1E116A02CD9DAB0000C1BC3 /* Network */ = {
			isa = PBXGroup;
			children = (
				D15E39202D35294A00A79944 /* Socket */,
				D1E1169C2CD9D928000C1BC3 /* TargetType.swift */,
				D1E1169E2CD9DA92000C1BC3 /* Header.swift */,
				D1E116A42CD9DE3E000C1BC3 /* NetworkManager.swift */,
				D1E116A62CDB140E000C1BC3 /* DefaultNetworkManager.swift */,
				D1E116A82CDB60F1000C1BC3 /* ErrorResponse.swift */,
				D16E74822D30BD91005956EC /* MultipartData.swift */,
			);
			path = Network;
			sourceTree = "<group>";
		};
		D1E116A12CD9DBB7000C1BC3 /* User */ = {
			isa = PBXGroup;
			children = (
				D15E392B2D35897E00A79944 /* ResponseModel */,
				D15E39282D3587EA00A79944 /* RequestModel */,
				D1E116922CD9C2A5000C1BC3 /* UserClient.swift */,
				D1E116A22CD9DBCA000C1BC3 /* UserRouter.swift */,
			);
			path = User;
			sourceTree = "<group>";
		};
		D1E116AF2CDC7F96000C1BC3 /* ResponseModel */ = {
			isa = PBXGroup;
			children = (
				D1E116B02CDC7FA4000C1BC3 /* SignupDTO.swift */,
			);
			path = ResponseModel;
			sourceTree = "<group>";
		};
		D1E116BE2CDCED2C000C1BC3 /* KeyChain */ = {
			isa = PBXGroup;
			children = (
				D1E116BF2CDCED3E000C1BC3 /* JWTKeyChainProtocol.swift */,
				D1E116C12CDCEEA3000C1BC3 /* JWTKeyChain.swift */,
				D1E116C52CDCF53C000C1BC3 /* DeviceTokenKeyChain.swift */,
				D1E116C72CDCF566000C1BC3 /* DeviceTokenKeyChainProtocol.swift */,
			);
			path = KeyChain;
			sourceTree = "<group>";
		};
		D1E116C92CDE5750000C1BC3 /* WorkSpace */ = {
			isa = PBXGroup;
			children = (
				D1E116D92CE3540D000C1BC3 /* Add */,
				D1E116CC2CDE5889000C1BC3 /* Initial */,
				D1E1167F2CD684F6000C1BC3 /* TabView */,
			);
			path = WorkSpace;
			sourceTree = "<group>";
		};
		D1E116CC2CDE5889000C1BC3 /* Initial */ = {
			isa = PBXGroup;
			children = (
				D1E116CA2CDE581E000C1BC3 /* WorkspaceInitialView.swift */,
				D1E116CD2CDE58AD000C1BC3 /* WorkspaceInitial.swift */,
			);
			path = Initial;
			sourceTree = "<group>";
		};
		D1E116CF2CE25151000C1BC3 /* UserDefaults */ = {
			isa = PBXGroup;
			children = (
				D1E116D02CE2515F000C1BC3 /* UserDefault.swift */,
				D1E116D22CE25180000C1BC3 /* UserDefaultManager.swift */,
				D1E116D42CE251AE000C1BC3 /* User.swift */,
			);
			path = UserDefaults;
			sourceTree = "<group>";
		};
		D1E116D92CE3540D000C1BC3 /* Add */ = {
			isa = PBXGroup;
			children = (
				D1E117222D0335B2000C1BC3 /* RequestModel */,
				D1E116DA2CE35424000C1BC3 /* WorkspaceAddView.swift */,
				D1E116DC2CE35446000C1BC3 /* WorkspaceAdd.swift */,
			);
			path = Add;
			sourceTree = "<group>";
		};
		D1E116E82CE4F553000C1BC3 /* Login */ = {
			isa = PBXGroup;
			children = (
				D1E116EB2CE4F571000C1BC3 /* RequestModel */,
				D1E116E92CE4F56D000C1BC3 /* LoginView.swift */,
				D1E116EC2CE4F5C2000C1BC3 /* Login.swift */,
			);
			path = Login;
			sourceTree = "<group>";
		};
		D1E116EB2CE4F571000C1BC3 /* RequestModel */ = {
			isa = PBXGroup;
			children = (
				D1E116E62CE4F197000C1BC3 /* LoginRequest.swift */,
			);
			path = RequestModel;
			sourceTree = "<group>";
		};
		D1E116F22CED7931000C1BC3 /* Workspace */ = {
			isa = PBXGroup;
			children = (
				D16E74962D30FBC0005956EC /* ResponseModel */,
				D16E74952D30FBB6005956EC /* RequestModel */,
				D1E116F32CED7994000C1BC3 /* WorkspaceRouter.swift */,
				D1E116F82CED7F7D000C1BC3 /* WorkspaceClient.swift */,
			);
			path = Workspace;
			sourceTree = "<group>";
		};
		D1E116F52CED7B73000C1BC3 /* ResponseModel */ = {
			isa = PBXGroup;
			children = (
				D1E116F62CED7BA4000C1BC3 /* WorkspaceDTO.swift */,
			);
			path = ResponseModel;
			sourceTree = "<group>";
		};
		D1E116FE2CED9A78000C1BC3 /* Auth */ = {
			isa = PBXGroup;
			children = (
				D1E116FF2CED9A8B000C1BC3 /* AuthRouter.swift */,
				D1E117012CED9A94000C1BC3 /* AuthClient.swift */,
				D1E117032CEDA489000C1BC3 /* Refresh.swift */,
			);
			path = Auth;
			sourceTree = "<group>";
		};
		D1E117072CF8AF44000C1BC3 /* ImagePicker */ = {
			isa = PBXGroup;
			children = (
				D1E117082CF8AF5B000C1BC3 /* ImagePickerView.swift */,
				D1E1170A2CF8B394000C1BC3 /* ImagePicker.swift */,
			);
			path = ImagePicker;
			sourceTree = "<group>";
		};
		D1E117182CFE9AE0000C1BC3 /* List */ = {
			isa = PBXGroup;
			children = (
				D1E117192CFE9AE7000C1BC3 /* WorkspaceList.swift */,
				D1E1171B2CFE9BC3000C1BC3 /* WorkspaceListView.swift */,
			);
			path = List;
			sourceTree = "<group>";
		};
		D1E1171F2D030293000C1BC3 /* Manager */ = {
			isa = PBXGroup;
			children = (
				D1E117202D03029C000C1BC3 /* DateManager.swift */,
			);
			path = Manager;
			sourceTree = "<group>";
		};
		D1E117222D0335B2000C1BC3 /* RequestModel */ = {
			isa = PBXGroup;
			children = (
				D1E117232D0335E3000C1BC3 /* AddWorkspaceRequest.swift */,
			);
			path = RequestModel;
			sourceTree = "<group>";
		};
/* End PBXGroup section */

/* Begin PBXNativeTarget section */
		D1E1164A2CD39B04000C1BC3 /* WorkWave */ = {
			isa = PBXNativeTarget;
			buildConfigurationList = D1E116592CD39B05000C1BC3 /* Build configuration list for PBXNativeTarget "WorkWave" */;
			buildPhases = (
				D1E116472CD39B04000C1BC3 /* Sources */,
				D1E116482CD39B04000C1BC3 /* Frameworks */,
				D1E116492CD39B04000C1BC3 /* Resources */,
			);
			buildRules = (
			);
			dependencies = (
			);
			name = WorkWave;
			packageProductDependencies = (
				D1E1165F2CD39D62000C1BC3 /* ComposableArchitecture */,
				D1E1169A2CD9D90A000C1BC3 /* Alamofire */,
				D1E116B72CDCA59E000C1BC3 /* FirebaseAnalyticsWithoutAdIdSupport */,
				D1E116B92CDCA59E000C1BC3 /* FirebaseMessaging */,
				D1E116BC2CDCEC9D000C1BC3 /* KeychainAccess */,
				D15E391E2D35278F00A79944 /* SocketIO */,
				D15E39312D362F9100A79944 /* RealmSwift */,
			);
			productName = WorkWave;
			productReference = D1E1164B2CD39B04000C1BC3 /* WorkWave.app */;
			productType = "com.apple.product-type.application";
		};
/* End PBXNativeTarget section */

/* Begin PBXProject section */
		D1E116432CD39B04000C1BC3 /* Project object */ = {
			isa = PBXProject;
			attributes = {
				BuildIndependentTargetsInParallel = 1;
				LastSwiftUpdateCheck = 1540;
				LastUpgradeCheck = 1540;
				TargetAttributes = {
					D1E1164A2CD39B04000C1BC3 = {
						CreatedOnToolsVersion = 15.4;
					};
				};
			};
			buildConfigurationList = D1E116462CD39B04000C1BC3 /* Build configuration list for PBXProject "WorkWave" */;
			compatibilityVersion = "Xcode 14.0";
			developmentRegion = en;
			hasScannedForEncodings = 0;
			knownRegions = (
				en,
				Base,
			);
			mainGroup = D1E116422CD39B04000C1BC3;
			packageReferences = (
				D1E1165E2CD39D62000C1BC3 /* XCRemoteSwiftPackageReference "swift-composable-architecture" */,
				D1E116992CD9D90A000C1BC3 /* XCRemoteSwiftPackageReference "Alamofire" */,
				D1E116B62CDCA59E000C1BC3 /* XCRemoteSwiftPackageReference "firebase-ios-sdk" */,
				D1E116BB2CDCEC9D000C1BC3 /* XCRemoteSwiftPackageReference "KeychainAccess" */,
				D15E391D2D35278F00A79944 /* XCRemoteSwiftPackageReference "socket.io-client-swift" */,
				D15E39302D362F9100A79944 /* XCRemoteSwiftPackageReference "realm-swift" */,
			);
			productRefGroup = D1E1164C2CD39B04000C1BC3 /* Products */;
			projectDirPath = "";
			projectRoot = "";
			targets = (
				D1E1164A2CD39B04000C1BC3 /* WorkWave */,
			);
		};
/* End PBXProject section */

/* Begin PBXResourcesBuildPhase section */
		D1E116492CD39B04000C1BC3 /* Resources */ = {
			isa = PBXResourcesBuildPhase;
			buildActionMask = 2147483647;
			files = (
				D1E116562CD39B05000C1BC3 /* Preview Assets.xcassets in Resources */,
				D1E116B52CDCA329000C1BC3 /* GoogleService-Info.plist in Resources */,
				D1E1165D2CD39B58000C1BC3 /* .gitignore in Resources */,
				D1E116532CD39B05000C1BC3 /* Assets.xcassets in Resources */,
			);
			runOnlyForDeploymentPostprocessing = 0;
		};
/* End PBXResourcesBuildPhase section */

/* Begin PBXSourcesBuildPhase section */
		D1E116472CD39B04000C1BC3 /* Sources */ = {
			isa = PBXSourcesBuildPhase;
			buildActionMask = 2147483647;
			files = (
				D1E116652CD3A91E000C1BC3 /* WWFont.swift in Sources */,
				D1E116FB2CED858C000C1BC3 /* HomeEmptyView.swift in Sources */,
				D1E1166C2CD3AEA4000C1BC3 /* DMView.swift in Sources */,
				D16E748A2D30EC95005956EC /* Member.swift in Sources */,
				D1E116D12CE2515F000C1BC3 /* UserDefault.swift in Sources */,
				D15E39022D3406BA00A79944 /* UnreadDMsResponse.swift in Sources */,
				D1E116EA2CE4F56D000C1BC3 /* LoginView.swift in Sources */,
				D1E1169D2CD9D928000C1BC3 /* TargetType.swift in Sources */,
				D1E116AE2CDC7D11000C1BC3 /* SignupRequest.swift in Sources */,
				D1E116C62CDCF53C000C1BC3 /* DeviceTokenKeyChain.swift in Sources */,
				D16E748F2D30F71D005956EC /* DMClient.swift in Sources */,
				D1E116C02CDCED3E000C1BC3 /* JWTKeyChainProtocol.swift in Sources */,
				D15E39222D35296400A79944 /* SocketIOManager.swift in Sources */,
				D15E39002D34065000A79944 /* Chatting.swift in Sources */,
				D15E392A2D3587F400A79944 /* EditMyProfileImageRequest.swift in Sources */,
				D1E116C22CDCEEA3000C1BC3 /* JWTKeyChain.swift in Sources */,
				D1E1168A2CD6AE57000C1BC3 /* SheetHeaderView.swift in Sources */,
				D1E116632CD3A579000C1BC3 /* HomeView.swift in Sources */,
				D1E116A72CDB140E000C1BC3 /* DefaultNetworkManager.swift in Sources */,
				D1E116742CD3B312000C1BC3 /* OnboardingView.swift in Sources */,
				D15E391C2D34FBAB00A79944 /* DMRequest.swift in Sources */,
				D1E1168F2CD84FFA000C1BC3 /* Auth.swift in Sources */,
				D1E116B32CDC8DBC000C1BC3 /* CustomAppDelegate.swift in Sources */,
				D1E1170B2CF8B394000C1BC3 /* ImagePicker.swift in Sources */,
				D16E749A2D30FE18005956EC /* CreateDMRoomRequest.swift in Sources */,
				D16E748D2D30F586005956EC /* DMRouter.swift in Sources */,
				D15E39272D357BEB00A79944 /* Profile.swift in Sources */,
				D16E74852D30E313005956EC /* DM.swift in Sources */,
				D16E747D2D2F6B30005956EC /* ImageRouter.swift in Sources */,
				D16E74912D30F7B2005956EC /* DMRoomResponse.swift in Sources */,
				D16E747A2D2F63E1005956EC /* MyProfileResponse.swift in Sources */,
				D15E39142D34BD2200A79944 /* CustomImageView.swift in Sources */,
				D16E747F2D2F6CBC005956EC /* ImageClient.swift in Sources */,
				D1E116982CD9C345000C1BC3 /* APIKey.swift in Sources */,
				D1E116F42CED7994000C1BC3 /* WorkspaceRouter.swift in Sources */,
				D15E390C2D34AB4200A79944 /* DMChattingView.swift in Sources */,
				D16E746C2D2E18A2005956EC /* CustomFoldingGroup.swift in Sources */,
				D1E116B12CDC7FA4000C1BC3 /* SignupDTO.swift in Sources */,
				D1E116ED2CE4F5C2000C1BC3 /* Login.swift in Sources */,
				D16E74712D2E5166005956EC /* DMRoom.swift in Sources */,
				D1E116F72CED7BA4000C1BC3 /* WorkspaceDTO.swift in Sources */,
				D1E117212D03029C000C1BC3 /* DateManager.swift in Sources */,
				D1E116DD2CE35446000C1BC3 /* WorkspaceAdd.swift in Sources */,
				D1E116882CD69C76000C1BC3 /* CustomTextField.swift in Sources */,
				D1E116812CD68512000C1BC3 /* WWTabView.swift in Sources */,
				D1E116D52CE251AE000C1BC3 /* User.swift in Sources */,
				D15E39182D34C14500A79944 /* CustomPhotoPicker.swift in Sources */,
				D1E116F12CED7621000C1BC3 /* WWTab.swift in Sources */,
				D15E39122D34BC7F00A79944 /* ChattingImageView.swift in Sources */,
				D1E1167E2CD67219000C1BC3 /* SignUpView.swift in Sources */,
				D15E39102D34B8FB00A79944 /* View+Extension.swift in Sources */,
				D1E1168D2CD84FDD000C1BC3 /* AuthView.swift in Sources */,
				D16E74772D2E6992005956EC /* SideView.swift in Sources */,
				D1E117242D0335E3000C1BC3 /* AddWorkspaceRequest.swift in Sources */,
				D15E390E2D34AB4800A79944 /* DMChatting.swift in Sources */,
				D1E116FD2CED941F000C1BC3 /* HomeHeaderView.swift in Sources */,
				D1E116CB2CDE581E000C1BC3 /* WorkspaceInitialView.swift in Sources */,
				D15E392F2D361CC400A79944 /* CustomAlertView.swift in Sources */,
				D1E116792CD3BCD0000C1BC3 /* CustomButton.swift in Sources */,
				D1E116832CD685C2000C1BC3 /* SignUp.swift in Sources */,
				D1E116DB2CE35424000C1BC3 /* WorkspaceAddView.swift in Sources */,
				D1E1167C2CD66D86000C1BC3 /* Onboarding.swift in Sources */,
				D1E116932CD9C2A5000C1BC3 /* UserClient.swift in Sources */,
				D15E392D2D3589CC00A79944 /* EditMyProfileResponse.swift in Sources */,
				D1E1171C2CFE9BC3000C1BC3 /* WorkspaceListView.swift in Sources */,
				D15E39052D340B2000A79944 /* Date+Extension.swift in Sources */,
				D15E39352D362FB000A79944 /* DBClient.swift in Sources */,
				D1E1171E2CFEAE23000C1BC3 /* RoundedCorner.swift in Sources */,
				D16E74832D30BD91005956EC /* MultipartData.swift in Sources */,
				D1E116A52CD9DE3E000C1BC3 /* NetworkManager.swift in Sources */,
				D1E117092CF8AF5B000C1BC3 /* ImagePickerView.swift in Sources */,
				D1E1169F2CD9DA92000C1BC3 /* Header.swift in Sources */,
				D1E116702CD3AF87000C1BC3 /* SearchView.swift in Sources */,
				D1E116962CD9C314000C1BC3 /* ValidationEmailRequest.swift in Sources */,
				D1E116682CD3AB04000C1BC3 /* FontModifier.swift in Sources */,
				D1E116F92CED7F7D000C1BC3 /* WorkspaceClient.swift in Sources */,
				D1E116AC2CDB9FB8000C1BC3 /* Toast.swift in Sources */,
				D1E117002CED9A8C000C1BC3 /* AuthRouter.swift in Sources */,
				D16E74812D2FA4FF005956EC /* LoadedImage.swift in Sources */,
				D1E116722CD3AF9D000C1BC3 /* SettingView.swift in Sources */,
				D1E116852CD686F4000C1BC3 /* ButtonWrapper.swift in Sources */,
				D1E116512CD39B04000C1BC3 /* ContentView.swift in Sources */,
				D1E117022CED9A94000C1BC3 /* AuthClient.swift in Sources */,
				D1E117042CEDA489000C1BC3 /* Refresh.swift in Sources */,
				D15E39092D341D0F00A79944 /* DMResponse.swift in Sources */,
				D15E39072D340D4D00A79944 /* BadgeModifier.swift in Sources */,
				D1E116D32CE25180000C1BC3 /* UserDefaultManager.swift in Sources */,
				D15E391A2D34C80A00A79944 /* CustomToolbar.swift in Sources */,
				D16E746E2D2E1936005956EC /* Home.swift in Sources */,
				D1E1164F2CD39B04000C1BC3 /* WorkWaveApp.swift in Sources */,
				D16E74942D30FBAB005956EC /* InviteMemberRequest.swift in Sources */,
				D1E116C82CDCF566000C1BC3 /* DeviceTokenKeyChainProtocol.swift in Sources */,
				D1E116A32CD9DBCA000C1BC3 /* UserRouter.swift in Sources */,
				D1E116CE2CDE58AD000C1BC3 /* WorkspaceInitial.swift in Sources */,
				D1E116A92CDB60F1000C1BC3 /* ErrorResponse.swift in Sources */,
				D1E1171A2CFE9AE7000C1BC3 /* WorkspaceList.swift in Sources */,
				D1E116E72CE4F197000C1BC3 /* LoginRequest.swift in Sources */,
				D15E39252D357BC400A79944 /* ProfileView.swift in Sources */,
				D16E74872D30EB47005956EC /* MemberResponse.swift in Sources */,
				D15E39162D34BF9100A79944 /* ImageDetailView.swift in Sources */,
			);
			runOnlyForDeploymentPostprocessing = 0;
		};
/* End PBXSourcesBuildPhase section */

/* Begin XCBuildConfiguration section */
		D1E116572CD39B05000C1BC3 /* Debug */ = {
			isa = XCBuildConfiguration;
			buildSettings = {
				ALWAYS_SEARCH_USER_PATHS = NO;
				ASSETCATALOG_COMPILER_GENERATE_SWIFT_ASSET_SYMBOL_EXTENSIONS = YES;
				CLANG_ANALYZER_NONNULL = YES;
				CLANG_ANALYZER_NUMBER_OBJECT_CONVERSION = YES_AGGRESSIVE;
				CLANG_CXX_LANGUAGE_STANDARD = "gnu++20";
				CLANG_ENABLE_MODULES = YES;
				CLANG_ENABLE_OBJC_ARC = YES;
				CLANG_ENABLE_OBJC_WEAK = YES;
				CLANG_WARN_BLOCK_CAPTURE_AUTORELEASING = YES;
				CLANG_WARN_BOOL_CONVERSION = YES;
				CLANG_WARN_COMMA = YES;
				CLANG_WARN_CONSTANT_CONVERSION = YES;
				CLANG_WARN_DEPRECATED_OBJC_IMPLEMENTATIONS = YES;
				CLANG_WARN_DIRECT_OBJC_ISA_USAGE = YES_ERROR;
				CLANG_WARN_DOCUMENTATION_COMMENTS = YES;
				CLANG_WARN_EMPTY_BODY = YES;
				CLANG_WARN_ENUM_CONVERSION = YES;
				CLANG_WARN_INFINITE_RECURSION = YES;
				CLANG_WARN_INT_CONVERSION = YES;
				CLANG_WARN_NON_LITERAL_NULL_CONVERSION = YES;
				CLANG_WARN_OBJC_IMPLICIT_RETAIN_SELF = YES;
				CLANG_WARN_OBJC_LITERAL_CONVERSION = YES;
				CLANG_WARN_OBJC_ROOT_CLASS = YES_ERROR;
				CLANG_WARN_QUOTED_INCLUDE_IN_FRAMEWORK_HEADER = YES;
				CLANG_WARN_RANGE_LOOP_ANALYSIS = YES;
				CLANG_WARN_STRICT_PROTOTYPES = YES;
				CLANG_WARN_SUSPICIOUS_MOVE = YES;
				CLANG_WARN_UNGUARDED_AVAILABILITY = YES_AGGRESSIVE;
				CLANG_WARN_UNREACHABLE_CODE = YES;
				CLANG_WARN__DUPLICATE_METHOD_MATCH = YES;
				COPY_PHASE_STRIP = NO;
				DEBUG_INFORMATION_FORMAT = dwarf;
				ENABLE_STRICT_OBJC_MSGSEND = YES;
				ENABLE_TESTABILITY = YES;
				ENABLE_USER_SCRIPT_SANDBOXING = YES;
				GCC_C_LANGUAGE_STANDARD = gnu17;
				GCC_DYNAMIC_NO_PIC = NO;
				GCC_NO_COMMON_BLOCKS = YES;
				GCC_OPTIMIZATION_LEVEL = 0;
				GCC_PREPROCESSOR_DEFINITIONS = (
					"DEBUG=1",
					"$(inherited)",
				);
				GCC_WARN_64_TO_32_BIT_CONVERSION = YES;
				GCC_WARN_ABOUT_RETURN_TYPE = YES_ERROR;
				GCC_WARN_UNDECLARED_SELECTOR = YES;
				GCC_WARN_UNINITIALIZED_AUTOS = YES_AGGRESSIVE;
				GCC_WARN_UNUSED_FUNCTION = YES;
				GCC_WARN_UNUSED_VARIABLE = YES;
				IPHONEOS_DEPLOYMENT_TARGET = 17.5;
				LOCALIZATION_PREFERS_STRING_CATALOGS = YES;
				MTL_ENABLE_DEBUG_INFO = INCLUDE_SOURCE;
				MTL_FAST_MATH = YES;
				ONLY_ACTIVE_ARCH = YES;
				SDKROOT = iphoneos;
				SWIFT_ACTIVE_COMPILATION_CONDITIONS = "DEBUG $(inherited)";
				SWIFT_OPTIMIZATION_LEVEL = "-Onone";
			};
			name = Debug;
		};
		D1E116582CD39B05000C1BC3 /* Release */ = {
			isa = XCBuildConfiguration;
			buildSettings = {
				ALWAYS_SEARCH_USER_PATHS = NO;
				ASSETCATALOG_COMPILER_GENERATE_SWIFT_ASSET_SYMBOL_EXTENSIONS = YES;
				CLANG_ANALYZER_NONNULL = YES;
				CLANG_ANALYZER_NUMBER_OBJECT_CONVERSION = YES_AGGRESSIVE;
				CLANG_CXX_LANGUAGE_STANDARD = "gnu++20";
				CLANG_ENABLE_MODULES = YES;
				CLANG_ENABLE_OBJC_ARC = YES;
				CLANG_ENABLE_OBJC_WEAK = YES;
				CLANG_WARN_BLOCK_CAPTURE_AUTORELEASING = YES;
				CLANG_WARN_BOOL_CONVERSION = YES;
				CLANG_WARN_COMMA = YES;
				CLANG_WARN_CONSTANT_CONVERSION = YES;
				CLANG_WARN_DEPRECATED_OBJC_IMPLEMENTATIONS = YES;
				CLANG_WARN_DIRECT_OBJC_ISA_USAGE = YES_ERROR;
				CLANG_WARN_DOCUMENTATION_COMMENTS = YES;
				CLANG_WARN_EMPTY_BODY = YES;
				CLANG_WARN_ENUM_CONVERSION = YES;
				CLANG_WARN_INFINITE_RECURSION = YES;
				CLANG_WARN_INT_CONVERSION = YES;
				CLANG_WARN_NON_LITERAL_NULL_CONVERSION = YES;
				CLANG_WARN_OBJC_IMPLICIT_RETAIN_SELF = YES;
				CLANG_WARN_OBJC_LITERAL_CONVERSION = YES;
				CLANG_WARN_OBJC_ROOT_CLASS = YES_ERROR;
				CLANG_WARN_QUOTED_INCLUDE_IN_FRAMEWORK_HEADER = YES;
				CLANG_WARN_RANGE_LOOP_ANALYSIS = YES;
				CLANG_WARN_STRICT_PROTOTYPES = YES;
				CLANG_WARN_SUSPICIOUS_MOVE = YES;
				CLANG_WARN_UNGUARDED_AVAILABILITY = YES_AGGRESSIVE;
				CLANG_WARN_UNREACHABLE_CODE = YES;
				CLANG_WARN__DUPLICATE_METHOD_MATCH = YES;
				COPY_PHASE_STRIP = NO;
				DEBUG_INFORMATION_FORMAT = "dwarf-with-dsym";
				ENABLE_NS_ASSERTIONS = NO;
				ENABLE_STRICT_OBJC_MSGSEND = YES;
				ENABLE_USER_SCRIPT_SANDBOXING = YES;
				GCC_C_LANGUAGE_STANDARD = gnu17;
				GCC_NO_COMMON_BLOCKS = YES;
				GCC_WARN_64_TO_32_BIT_CONVERSION = YES;
				GCC_WARN_ABOUT_RETURN_TYPE = YES_ERROR;
				GCC_WARN_UNDECLARED_SELECTOR = YES;
				GCC_WARN_UNINITIALIZED_AUTOS = YES_AGGRESSIVE;
				GCC_WARN_UNUSED_FUNCTION = YES;
				GCC_WARN_UNUSED_VARIABLE = YES;
				IPHONEOS_DEPLOYMENT_TARGET = 17.5;
				LOCALIZATION_PREFERS_STRING_CATALOGS = YES;
				MTL_ENABLE_DEBUG_INFO = NO;
				MTL_FAST_MATH = YES;
				SDKROOT = iphoneos;
				SWIFT_COMPILATION_MODE = wholemodule;
				VALIDATE_PRODUCT = YES;
			};
			name = Release;
		};
		D1E1165A2CD39B05000C1BC3 /* Debug */ = {
			isa = XCBuildConfiguration;
			buildSettings = {
				ASSETCATALOG_COMPILER_APPICON_NAME = AppIcon;
				ASSETCATALOG_COMPILER_GLOBAL_ACCENT_COLOR_NAME = AccentColor;
				CODE_SIGN_ENTITLEMENTS = WorkWave/WorkWave.entitlements;
				CODE_SIGN_STYLE = Automatic;
				CURRENT_PROJECT_VERSION = 1;
				DEVELOPMENT_ASSET_PATHS = "\"WorkWave/Preview Content\"";
				DEVELOPMENT_TEAM = 3R8ZWR4KRJ;
				ENABLE_PREVIEWS = YES;
				GENERATE_INFOPLIST_FILE = YES;
				INFOPLIST_FILE = WorkWave/Info.plist;
				INFOPLIST_KEY_UIApplicationSceneManifest_Generation = YES;
				INFOPLIST_KEY_UIApplicationSupportsIndirectInputEvents = YES;
				INFOPLIST_KEY_UILaunchScreen_Generation = YES;
				INFOPLIST_KEY_UISupportedInterfaceOrientations = UIInterfaceOrientationPortrait;
				INFOPLIST_KEY_UISupportedInterfaceOrientations_iPad = UIInterfaceOrientationPortrait;
				IPHONEOS_DEPLOYMENT_TARGET = 17.0;
				LD_RUNPATH_SEARCH_PATHS = (
					"$(inherited)",
					"@executable_path/Frameworks",
				);
				MARKETING_VERSION = 1.0;
				PRODUCT_BUNDLE_IDENTIFIER = Jo.WorkWave;
				PRODUCT_NAME = "$(TARGET_NAME)";
				SUPPORTED_PLATFORMS = "iphoneos iphonesimulator";
				SUPPORTS_MACCATALYST = NO;
				SUPPORTS_MAC_DESIGNED_FOR_IPHONE_IPAD = NO;
				SUPPORTS_XR_DESIGNED_FOR_IPHONE_IPAD = NO;
				SWIFT_EMIT_LOC_STRINGS = YES;
				SWIFT_VERSION = 5.0;
				TARGETED_DEVICE_FAMILY = 1;
			};
			name = Debug;
		};
		D1E1165B2CD39B05000C1BC3 /* Release */ = {
			isa = XCBuildConfiguration;
			buildSettings = {
				ASSETCATALOG_COMPILER_APPICON_NAME = AppIcon;
				ASSETCATALOG_COMPILER_GLOBAL_ACCENT_COLOR_NAME = AccentColor;
				CODE_SIGN_ENTITLEMENTS = WorkWave/WorkWave.entitlements;
				CODE_SIGN_STYLE = Automatic;
				CURRENT_PROJECT_VERSION = 1;
				DEVELOPMENT_ASSET_PATHS = "\"WorkWave/Preview Content\"";
				DEVELOPMENT_TEAM = 3R8ZWR4KRJ;
				ENABLE_PREVIEWS = YES;
				GENERATE_INFOPLIST_FILE = YES;
				INFOPLIST_FILE = WorkWave/Info.plist;
				INFOPLIST_KEY_UIApplicationSceneManifest_Generation = YES;
				INFOPLIST_KEY_UIApplicationSupportsIndirectInputEvents = YES;
				INFOPLIST_KEY_UILaunchScreen_Generation = YES;
				INFOPLIST_KEY_UISupportedInterfaceOrientations = UIInterfaceOrientationPortrait;
				INFOPLIST_KEY_UISupportedInterfaceOrientations_iPad = UIInterfaceOrientationPortrait;
				IPHONEOS_DEPLOYMENT_TARGET = 17.0;
				LD_RUNPATH_SEARCH_PATHS = (
					"$(inherited)",
					"@executable_path/Frameworks",
				);
				MARKETING_VERSION = 1.0;
				PRODUCT_BUNDLE_IDENTIFIER = Jo.WorkWave;
				PRODUCT_NAME = "$(TARGET_NAME)";
				SUPPORTED_PLATFORMS = "iphoneos iphonesimulator";
				SUPPORTS_MACCATALYST = NO;
				SUPPORTS_MAC_DESIGNED_FOR_IPHONE_IPAD = NO;
				SUPPORTS_XR_DESIGNED_FOR_IPHONE_IPAD = NO;
				SWIFT_EMIT_LOC_STRINGS = YES;
				SWIFT_VERSION = 5.0;
				TARGETED_DEVICE_FAMILY = 1;
			};
			name = Release;
		};
/* End XCBuildConfiguration section */

/* Begin XCConfigurationList section */
		D1E116462CD39B04000C1BC3 /* Build configuration list for PBXProject "WorkWave" */ = {
			isa = XCConfigurationList;
			buildConfigurations = (
				D1E116572CD39B05000C1BC3 /* Debug */,
				D1E116582CD39B05000C1BC3 /* Release */,
			);
			defaultConfigurationIsVisible = 0;
			defaultConfigurationName = Release;
		};
		D1E116592CD39B05000C1BC3 /* Build configuration list for PBXNativeTarget "WorkWave" */ = {
			isa = XCConfigurationList;
			buildConfigurations = (
				D1E1165A2CD39B05000C1BC3 /* Debug */,
				D1E1165B2CD39B05000C1BC3 /* Release */,
			);
			defaultConfigurationIsVisible = 0;
			defaultConfigurationName = Release;
		};
/* End XCConfigurationList section */

/* Begin XCRemoteSwiftPackageReference section */
		D15E391D2D35278F00A79944 /* XCRemoteSwiftPackageReference "socket.io-client-swift" */ = {
			isa = XCRemoteSwiftPackageReference;
			repositoryURL = "https://github.com/socketio/socket.io-client-swift.git";
			requirement = {
				branch = master;
				kind = branch;
			};
		};
		D15E39302D362F9100A79944 /* XCRemoteSwiftPackageReference "realm-swift" */ = {
			isa = XCRemoteSwiftPackageReference;
			repositoryURL = "https://github.com/realm/realm-swift.git";
			requirement = {
				branch = master;
				kind = branch;
			};
		};
		D1E1165E2CD39D62000C1BC3 /* XCRemoteSwiftPackageReference "swift-composable-architecture" */ = {
			isa = XCRemoteSwiftPackageReference;
			repositoryURL = "https://github.com/pointfreeco/swift-composable-architecture.git";
			requirement = {
				kind = upToNextMajorVersion;
				minimumVersion = 1.15.2;
			};
		};
		D1E116992CD9D90A000C1BC3 /* XCRemoteSwiftPackageReference "Alamofire" */ = {
			isa = XCRemoteSwiftPackageReference;
			repositoryURL = "https://github.com/Alamofire/Alamofire.git";
			requirement = {
				kind = upToNextMajorVersion;
				minimumVersion = 5.10.1;
			};
		};
		D1E116B62CDCA59E000C1BC3 /* XCRemoteSwiftPackageReference "firebase-ios-sdk" */ = {
			isa = XCRemoteSwiftPackageReference;
			repositoryURL = "https://github.com/firebase/firebase-ios-sdk.git";
			requirement = {
				kind = upToNextMajorVersion;
				minimumVersion = 11.4.0;
			};
		};
		D1E116BB2CDCEC9D000C1BC3 /* XCRemoteSwiftPackageReference "KeychainAccess" */ = {
			isa = XCRemoteSwiftPackageReference;
			repositoryURL = "https://github.com/kishikawakatsumi/KeychainAccess.git";
			requirement = {
				branch = master;
				kind = branch;
			};
		};
/* End XCRemoteSwiftPackageReference section */

/* Begin XCSwiftPackageProductDependency section */
		D15E391E2D35278F00A79944 /* SocketIO */ = {
			isa = XCSwiftPackageProductDependency;
			package = D15E391D2D35278F00A79944 /* XCRemoteSwiftPackageReference "socket.io-client-swift" */;
			productName = SocketIO;
		};
		D15E39312D362F9100A79944 /* RealmSwift */ = {
			isa = XCSwiftPackageProductDependency;
			package = D15E39302D362F9100A79944 /* XCRemoteSwiftPackageReference "realm-swift" */;
			productName = RealmSwift;
		};
		D1E1165F2CD39D62000C1BC3 /* ComposableArchitecture */ = {
			isa = XCSwiftPackageProductDependency;
			package = D1E1165E2CD39D62000C1BC3 /* XCRemoteSwiftPackageReference "swift-composable-architecture" */;
			productName = ComposableArchitecture;
		};
		D1E1169A2CD9D90A000C1BC3 /* Alamofire */ = {
			isa = XCSwiftPackageProductDependency;
			package = D1E116992CD9D90A000C1BC3 /* XCRemoteSwiftPackageReference "Alamofire" */;
			productName = Alamofire;
		};
		D1E116B72CDCA59E000C1BC3 /* FirebaseAnalyticsWithoutAdIdSupport */ = {
			isa = XCSwiftPackageProductDependency;
			package = D1E116B62CDCA59E000C1BC3 /* XCRemoteSwiftPackageReference "firebase-ios-sdk" */;
			productName = FirebaseAnalyticsWithoutAdIdSupport;
		};
		D1E116B92CDCA59E000C1BC3 /* FirebaseMessaging */ = {
			isa = XCSwiftPackageProductDependency;
			package = D1E116B62CDCA59E000C1BC3 /* XCRemoteSwiftPackageReference "firebase-ios-sdk" */;
			productName = FirebaseMessaging;
		};
		D1E116BC2CDCEC9D000C1BC3 /* KeychainAccess */ = {
			isa = XCSwiftPackageProductDependency;
			package = D1E116BB2CDCEC9D000C1BC3 /* XCRemoteSwiftPackageReference "KeychainAccess" */;
			productName = KeychainAccess;
		};
/* End XCSwiftPackageProductDependency section */
	};
	rootObject = D1E116432CD39B04000C1BC3 /* Project object */;
}
